// !$*UTF8*$!
{
	archiveVersion = 1;
	classes = {
	};
	objectVersion = 46;
	objects = {

/* Begin PBXBuildFile section */
		3E0AFDCB1BE51F90004CD9AA /* AppDelegate.swift in Sources */ = {isa = PBXBuildFile; fileRef = 3E0AFDCA1BE51F90004CD9AA /* AppDelegate.swift */; };
		3E0AFDCD1BE51F90004CD9AA /* FirstViewController.swift in Sources */ = {isa = PBXBuildFile; fileRef = 3E0AFDCC1BE51F90004CD9AA /* FirstViewController.swift */; };
		3E0AFDCF1BE51F90004CD9AA /* SecondViewController.swift in Sources */ = {isa = PBXBuildFile; fileRef = 3E0AFDCE1BE51F90004CD9AA /* SecondViewController.swift */; };
		3E0AFDD21BE51F90004CD9AA /* Main.storyboard in Resources */ = {isa = PBXBuildFile; fileRef = 3E0AFDD01BE51F90004CD9AA /* Main.storyboard */; };
		3E0AFDD41BE51F90004CD9AA /* Images.xcassets in Resources */ = {isa = PBXBuildFile; fileRef = 3E0AFDD31BE51F90004CD9AA /* Images.xcassets */; };
		3E0AFDD71BE51F90004CD9AA /* LaunchScreen.xib in Resources */ = {isa = PBXBuildFile; fileRef = 3E0AFDD51BE51F90004CD9AA /* LaunchScreen.xib */; };
		3E0AFDE31BE51F90004CD9AA /* ScareBearProjTests.swift in Sources */ = {isa = PBXBuildFile; fileRef = 3E0AFDE21BE51F90004CD9AA /* ScareBearProjTests.swift */; };
/* End PBXBuildFile section */

/* Begin PBXContainerItemProxy section */
		3E0AFDDD1BE51F90004CD9AA /* PBXContainerItemProxy */ = {
			isa = PBXContainerItemProxy;
			containerPortal = 3E0AFDBD1BE51F90004CD9AA /* Project object */;
			proxyType = 1;
			remoteGlobalIDString = 3E0AFDC41BE51F90004CD9AA;
			remoteInfo = ScareBearProj;
		};
/* End PBXContainerItemProxy section */

/* Begin PBXFileReference section */
		3E0AFDC51BE51F90004CD9AA /* ScareBearProj.app */ = {isa = PBXFileReference; explicitFileType = wrapper.application; includeInIndex = 0; path = ScareBearProj.app; sourceTree = BUILT_PRODUCTS_DIR; };
		3E0AFDC91BE51F90004CD9AA /* Info.plist */ = {isa = PBXFileReference; lastKnownFileType = text.plist.xml; path = Info.plist; sourceTree = "<group>"; };
		3E0AFDCA1BE51F90004CD9AA /* AppDelegate.swift */ = {isa = PBXFileReference; lastKnownFileType = sourcecode.swift; path = AppDelegate.swift; sourceTree = "<group>"; };
		3E0AFDCC1BE51F90004CD9AA /* FirstViewController.swift */ = {isa = PBXFileReference; lastKnownFileType = sourcecode.swift; path = FirstViewController.swift; sourceTree = "<group>"; };
		3E0AFDCE1BE51F90004CD9AA /* SecondViewController.swift */ = {isa = PBXFileReference; lastKnownFileType = sourcecode.swift; path = SecondViewController.swift; sourceTree = "<group>"; };
		3E0AFDD11BE51F90004CD9AA /* Base */ = {isa = PBXFileReference; lastKnownFileType = file.storyboard; name = Base; path = Base.lproj/Main.storyboard; sourceTree = "<group>"; };
		3E0AFDD31BE51F90004CD9AA /* Images.xcassets */ = {isa = PBXFileReference; lastKnownFileType = folder.assetcatalog; path = Images.xcassets; sourceTree = "<group>"; };
		3E0AFDD61BE51F90004CD9AA /* Base */ = {isa = PBXFileReference; lastKnownFileType = file.xib; name = Base; path = Base.lproj/LaunchScreen.xib; sourceTree = "<group>"; };
		3E0AFDDC1BE51F90004CD9AA /* ScareBearProjTests.xctest */ = {isa = PBXFileReference; explicitFileType = wrapper.cfbundle; includeInIndex = 0; path = ScareBearProjTests.xctest; sourceTree = BUILT_PRODUCTS_DIR; };
		3E0AFDE11BE51F90004CD9AA /* Info.plist */ = {isa = PBXFileReference; lastKnownFileType = text.plist.xml; path = Info.plist; sourceTree = "<group>"; };
		3E0AFDE21BE51F90004CD9AA /* ScareBearProjTests.swift */ = {isa = PBXFileReference; lastKnownFileType = sourcecode.swift; path = ScareBearProjTests.swift; sourceTree = "<group>"; };
/* End PBXFileReference section */

/* Begin PBXFrameworksBuildPhase section */
		3E0AFDC21BE51F90004CD9AA /* Frameworks */ = {
			isa = PBXFrameworksBuildPhase;
			buildActionMask = 2147483647;
			files = (
			);
			runOnlyForDeploymentPostprocessing = 0;
		};
		3E0AFDD91BE51F90004CD9AA /* Frameworks */ = {
			isa = PBXFrameworksBuildPhase;
			buildActionMask = 2147483647;
			files = (
			);
			runOnlyForDeploymentPostprocessing = 0;
		};
/* End PBXFrameworksBuildPhase section */

/* Begin PBXGroup section */
		3E0AFDBC1BE51F90004CD9AA = {
			isa = PBXGroup;
			children = (
				3E0AFDC71BE51F90004CD9AA /* ScareBearProj */,
				3E0AFDDF1BE51F90004CD9AA /* ScareBearProjTests */,
				3E0AFDC61BE51F90004CD9AA /* Products */,
			);
			sourceTree = "<group>";
		};
		3E0AFDC61BE51F90004CD9AA /* Products */ = {
			isa = PBXGroup;
			children = (
				3E0AFDC51BE51F90004CD9AA /* ScareBearProj.app */,
				3E0AFDDC1BE51F90004CD9AA /* ScareBearProjTests.xctest */,
			);
			name = Products;
			sourceTree = "<group>";
		};
		3E0AFDC71BE51F90004CD9AA /* ScareBearProj */ = {
			isa = PBXGroup;
			children = (
				3E0AFDCA1BE51F90004CD9AA /* AppDelegate.swift */,
				3E0AFDCC1BE51F90004CD9AA /* FirstViewController.swift */,
				3E0AFDCE1BE51F90004CD9AA /* SecondViewController.swift */,
				3E0AFDD01BE51F90004CD9AA /* Main.storyboard */,
				3E0AFDD31BE51F90004CD9AA /* Images.xcassets */,
				3E0AFDD51BE51F90004CD9AA /* LaunchScreen.xib */,
				3E0AFDC81BE51F90004CD9AA /* Supporting Files */,
			);
			path = ScareBearProj;
			sourceTree = "<group>";
		};
		3E0AFDC81BE51F90004CD9AA /* Supporting Files */ = {
			isa = PBXGroup;
			children = (
				3E0AFDC91BE51F90004CD9AA /* Info.plist */,
			);
			name = "Supporting Files";
			sourceTree = "<group>";
		};
		3E0AFDDF1BE51F90004CD9AA /* ScareBearProjTests */ = {
			isa = PBXGroup;
			children = (
				3E0AFDE21BE51F90004CD9AA /* ScareBearProjTests.swift */,
				3E0AFDE01BE51F90004CD9AA /* Supporting Files */,
			);
			path = ScareBearProjTests;
			sourceTree = "<group>";
		};
		3E0AFDE01BE51F90004CD9AA /* Supporting Files */ = {
			isa = PBXGroup;
			children = (
				3E0AFDE11BE51F90004CD9AA /* Info.plist */,
			);
			name = "Supporting Files";
			sourceTree = "<group>";
		};
/* End PBXGroup section */

/* Begin PBXNativeTarget section */
		3E0AFDC41BE51F90004CD9AA /* ScareBearProj */ = {
			isa = PBXNativeTarget;
			buildConfigurationList = 3E0AFDE61BE51F90004CD9AA /* Build configuration list for PBXNativeTarget "ScareBearProj" */;
			buildPhases = (
				3E0AFDC11BE51F90004CD9AA /* Sources */,
				3E0AFDC21BE51F90004CD9AA /* Frameworks */,
				3E0AFDC31BE51F90004CD9AA /* Resources */,
			);
			buildRules = (
			);
			dependencies = (
			);
			name = ScareBearProj;
			productName = ScareBearProj;
			productReference = 3E0AFDC51BE51F90004CD9AA /* ScareBearProj.app */;
			productType = "com.apple.product-type.application";
		};
		3E0AFDDB1BE51F90004CD9AA /* ScareBearProjTests */ = {
			isa = PBXNativeTarget;
			buildConfigurationList = 3E0AFDE91BE51F90004CD9AA /* Build configuration list for PBXNativeTarget "ScareBearProjTests" */;
			buildPhases = (
				3E0AFDD81BE51F90004CD9AA /* Sources */,
				3E0AFDD91BE51F90004CD9AA /* Frameworks */,
				3E0AFDDA1BE51F90004CD9AA /* Resources */,
			);
			buildRules = (
			);
			dependencies = (
				3E0AFDDE1BE51F90004CD9AA /* PBXTargetDependency */,
			);
			name = ScareBearProjTests;
			productName = ScareBearProjTests;
			productReference = 3E0AFDDC1BE51F90004CD9AA /* ScareBearProjTests.xctest */;
			productType = "com.apple.product-type.bundle.unit-test";
		};
/* End PBXNativeTarget section */

/* Begin PBXProject section */
		3E0AFDBD1BE51F90004CD9AA /* Project object */ = {
			isa = PBXProject;
			attributes = {
				LastUpgradeCheck = 0620;
				ORGANIZATIONNAME = "___Marss___";
				TargetAttributes = {
					3E0AFDC41BE51F90004CD9AA = {
						CreatedOnToolsVersion = 6.2;
					};
					3E0AFDDB1BE51F90004CD9AA = {
						CreatedOnToolsVersion = 6.2;
						TestTargetID = 3E0AFDC41BE51F90004CD9AA;
					};
				};
			};
			buildConfigurationList = 3E0AFDC01BE51F90004CD9AA /* Build configuration list for PBXProject "ScareBearProj" */;
			compatibilityVersion = "Xcode 3.2";
			developmentRegion = English;
			hasScannedForEncodings = 0;
			knownRegions = (
				en,
				Base,
			);
			mainGroup = 3E0AFDBC1BE51F90004CD9AA;
			productRefGroup = 3E0AFDC61BE51F90004CD9AA /* Products */;
			projectDirPath = "";
			projectRoot = "";
			targets = (
				3E0AFDC41BE51F90004CD9AA /* ScareBearProj */,
				3E0AFDDB1BE51F90004CD9AA /* ScareBearProjTests */,
			);
		};
/* End PBXProject section */

/* Begin PBXResourcesBuildPhase section */
		3E0AFDC31BE51F90004CD9AA /* Resources */ = {
			isa = PBXResourcesBuildPhase;
			buildActionMask = 2147483647;
			files = (
				3E0AFDD21BE51F90004CD9AA /* Main.storyboard in Resources */,
				3E0AFDD71BE51F90004CD9AA /* LaunchScreen.xib in Resources */,
				3E0AFDD41BE51F90004CD9AA /* Images.xcassets in Resources */,
			);
			runOnlyForDeploymentPostprocessing = 0;
		};
		3E0AFDDA1BE51F90004CD9AA /* Resources */ = {
			isa = PBXResourcesBuildPhase;
			buildActionMask = 2147483647;
			files = (
			);
			runOnlyForDeploymentPostprocessing = 0;
		};
/* End PBXResourcesBuildPhase section */

/* Begin PBXSourcesBuildPhase section */
		3E0AFDC11BE51F90004CD9AA /* Sources */ = {
			isa = PBXSourcesBuildPhase;
			buildActionMask = 2147483647;
			files = (
				3E0AFDCF1BE51F90004CD9AA /* SecondViewController.swift in Sources */,
				3E0AFDCB1BE51F90004CD9AA /* AppDelegate.swift in Sources */,
				3E0AFDCD1BE51F90004CD9AA /* FirstViewController.swift in Sources */,
			);
			runOnlyForDeploymentPostprocessing = 0;
		};
		3E0AFDD81BE51F90004CD9AA /* Sources */ = {
			isa = PBXSourcesBuildPhase;
			buildActionMask = 2147483647;
			files = (
				3E0AFDE31BE51F90004CD9AA /* ScareBearProjTests.swift in Sources */,
			);
			runOnlyForDeploymentPostprocessing = 0;
		};
/* End PBXSourcesBuildPhase section */

/* Begin PBXTargetDependency section */
		3E0AFDDE1BE51F90004CD9AA /* PBXTargetDependency */ = {
			isa = PBXTargetDependency;
			target = 3E0AFDC41BE51F90004CD9AA /* ScareBearProj */;
			targetProxy = 3E0AFDDD1BE51F90004CD9AA /* PBXContainerItemProxy */;
		};
/* End PBXTargetDependency section */

/* Begin PBXVariantGroup section */
		3E0AFDD01BE51F90004CD9AA /* Main.storyboard */ = {
			isa = PBXVariantGroup;
			children = (
				3E0AFDD11BE51F90004CD9AA /* Base */,
			);
			name = Main.storyboard;
			sourceTree = "<group>";
		};
		3E0AFDD51BE51F90004CD9AA /* LaunchScreen.xib */ = {
			isa = PBXVariantGroup;
			children = (
				3E0AFDD61BE51F90004CD9AA /* Base */,
			);
			name = LaunchScreen.xib;
			sourceTree = "<group>";
		};
/* End PBXVariantGroup section */

/* Begin XCBuildConfiguration section */
		3E0AFDE41BE51F90004CD9AA /* Debug */ = {
			isa = XCBuildConfiguration;
			buildSettings = {
				ALWAYS_SEARCH_USER_PATHS = NO;
				CLANG_CXX_LANGUAGE_STANDARD = "gnu++0x";
				CLANG_CXX_LIBRARY = "libc++";
				CLANG_ENABLE_MODULES = YES;
				CLANG_ENABLE_OBJC_ARC = YES;
				CLANG_WARN_BOOL_CONVERSION = YES;
				CLANG_WARN_CONSTANT_CONVERSION = YES;
				CLANG_WARN_DIRECT_OBJC_ISA_USAGE = YES_ERROR;
				CLANG_WARN_EMPTY_BODY = YES;
				CLANG_WARN_ENUM_CONVERSION = YES;
				CLANG_WARN_INT_CONVERSION = YES;
				CLANG_WARN_OBJC_ROOT_CLASS = YES_ERROR;
				CLANG_WARN_UNREACHABLE_CODE = YES;
				CLANG_WARN__DUPLICATE_METHOD_MATCH = YES;
				"CODE_SIGN_IDENTITY[sdk=iphoneos*]" = "iPhone Developer";
				COPY_PHASE_STRIP = NO;
				ENABLE_STRICT_OBJC_MSGSEND = YES;
				GCC_C_LANGUAGE_STANDARD = gnu99;
				GCC_DYNAMIC_NO_PIC = NO;
				GCC_OPTIMIZATION_LEVEL = 0;
				GCC_PREPROCESSOR_DEFINITIONS = (
					"DEBUG=1",
					"$(inherited)",
				);
				GCC_SYMBOLS_PRIVATE_EXTERN = NO;
				GCC_WARN_64_TO_32_BIT_CONVERSION = YES;
				GCC_WARN_ABOUT_RETURN_TYPE = YES_ERROR;
				GCC_WARN_UNDECLARED_SELECTOR = YES;
				GCC_WARN_UNINITIALIZED_AUTOS = YES_AGGRESSIVE;
				GCC_WARN_UNUSED_FUNCTION = YES;
				GCC_WARN_UNUSED_VARIABLE = YES;
				IPHONEOS_DEPLOYMENT_TARGET = 8.2;
				MTL_ENABLE_DEBUG_INFO = YES;
				ONLY_ACTIVE_ARCH = YES;
				SDKROOT = iphoneos;
				SWIFT_OPTIMIZATION_LEVEL = "-Onone";
			};
			name = Debug;
		};
		3E0AFDE51BE51F90004CD9AA /* Release */ = {
			isa = XCBuildConfiguration;
			buildSettings = {
				ALWAYS_SEARCH_USER_PATHS = NO;
				CLANG_CXX_LANGUAGE_STANDARD = "gnu++0x";
				CLANG_CXX_LIBRARY = "libc++";
				CLANG_ENABLE_MODULES = YES;
				CLANG_ENABLE_OBJC_ARC = YES;
				CLANG_WARN_BOOL_CONVERSION = YES;
				CLANG_WARN_CONSTANT_CONVERSION = YES;
				CLANG_WARN_DIRECT_OBJC_ISA_USAGE = YES_ERROR;
				CLANG_WARN_EMPTY_BODY = YES;
				CLANG_WARN_ENUM_CONVERSION = YES;
				CLANG_WARN_INT_CONVERSION = YES;
				CLANG_WARN_OBJC_ROOT_CLASS = YES_ERROR;
				CLANG_WARN_UNREACHABLE_CODE = YES;
				CLANG_WARN__DUPLICATE_METHOD_MATCH = YES;
				"CODE_SIGN_IDENTITY[sdk=iphoneos*]" = "iPhone Developer";
				COPY_PHASE_STRIP = NO;
				ENABLE_NS_ASSERTIONS = NO;
				ENABLE_STRICT_OBJC_MSGSEND = YES;
				GCC_C_LANGUAGE_STANDARD = gnu99;
				GCC_WARN_64_TO_32_BIT_CONVERSION = YES;
				GCC_WARN_ABOUT_RETURN_TYPE = YES_ERROR;
				GCC_WARN_UNDECLARED_SELECTOR = YES;
				GCC_WARN_UNINITIALIZED_AUTOS = YES_AGGRESSIVE;
				GCC_WARN_UNUSED_FUNCTION = YES;
				GCC_WARN_UNUSED_VARIABLE = YES;
				IPHONEOS_DEPLOYMENT_TARGET = 8.2;
				MTL_ENABLE_DEBUG_INFO = NO;
				SDKROOT = iphoneos;
				VALIDATE_PRODUCT = YES;
			};
			name = Release;
		};
		3E0AFDE71BE51F90004CD9AA /* Debug */ = {
			isa = XCBuildConfiguration;
			buildSettings = {
				ASSETCATALOG_COMPILER_APPICON_NAME = AppIcon;
				INFOPLIST_FILE = ScareBearProj/Info.plist;
				LD_RUNPATH_SEARCH_PATHS = "$(inherited) @executable_path/Frameworks";
				PRODUCT_NAME = "$(TARGET_NAME)";
			};
			name = Debug;
		};
		3E0AFDE81BE51F90004CD9AA /* Release */ = {
			isa = XCBuildConfiguration;
			buildSettings = {
				ASSETCATALOG_COMPILER_APPICON_NAME = AppIcon;
				INFOPLIST_FILE = ScareBearProj/Info.plist;
				LD_RUNPATH_SEARCH_PATHS = "$(inherited) @executable_path/Frameworks";
				PRODUCT_NAME = "$(TARGET_NAME)";
			};
			name = Release;
		};
		3E0AFDEA1BE51F90004CD9AA /* Debug */ = {
			isa = XCBuildConfiguration;
			buildSettings = {
				BUNDLE_LOADER = "$(TEST_HOST)";
				FRAMEWORK_SEARCH_PATHS = (
					"$(SDKROOT)/Developer/Library/Frameworks",
					"$(inherited)",
				);
				GCC_PREPROCESSOR_DEFINITIONS = (
					"DEBUG=1",
					"$(inherited)",
				);
				INFOPLIST_FILE = ScareBearProjTests/Info.plist;
				LD_RUNPATH_SEARCH_PATHS = "$(inherited) @executable_path/Frameworks @loader_path/Frameworks";
				PRODUCT_NAME = "$(TARGET_NAME)";
				TEST_HOST = "$(BUILT_PRODUCTS_DIR)/ScareBearProj.app/ScareBearProj";
			};
			name = Debug;
		};
		3E0AFDEB1BE51F90004CD9AA /* Release */ = {
			isa = XCBuildConfiguration;
			buildSettings = {
				BUNDLE_LOADER = "$(TEST_HOST)";
				FRAMEWORK_SEARCH_PATHS = (
					"$(SDKROOT)/Developer/Library/Frameworks",
					"$(inherited)",
				);
				INFOPLIST_FILE = ScareBearProjTests/Info.plist;
				LD_RUNPATH_SEARCH_PATHS = "$(inherited) @executable_path/Frameworks @loader_path/Frameworks";
				PRODUCT_NAME = "$(TARGET_NAME)";
				TEST_HOST = "$(BUILT_PRODUCTS_DIR)/ScareBearProj.app/ScareBearProj";
			};
			name = Release;
		};
/* End XCBuildConfiguration section */

/* Begin XCConfigurationList section */
		3E0AFDC01BE51F90004CD9AA /* Build configuration list for PBXProject "ScareBearProj" */ = {
			isa = XCConfigurationList;
			buildConfigurations = (
				3E0AFDE41BE51F90004CD9AA /* Debug */,
				3E0AFDE51BE51F90004CD9AA /* Release */,
			);
			defaultConfigurationIsVisible = 0;
			defaultConfigurationName = Release;
		};
		3E0AFDE61BE51F90004CD9AA /* Build configuration list for PBXNativeTarget "ScareBearProj" */ = {
			isa = XCConfigurationList;
			buildConfigurations = (
				3E0AFDE71BE51F90004CD9AA /* Debug */,
				3E0AFDE81BE51F90004CD9AA /* Release */,
			);
			defaultConfigurationIsVisible = 0;
		};
		3E0AFDE91BE51F90004CD9AA /* Build configuration list for PBXNativeTarget "ScareBearProjTests" */ = {
			isa = XCConfigurationList;
			buildConfigurations = (
				3E0AFDEA1BE51F90004CD9AA /* Debug */,
				3E0AFDEB1BE51F90004CD9AA /* Release */,
			);
			defaultConfigurationIsVisible = 0;
		};
/* End XCConfigurationList section */
	};
	rootObject = 3E0AFDBD1BE51F90004CD9AA /* Project object */;
}
