// !$*UTF8*$!
{
	archiveVersion = 1;
	classes = {
	};
	objectVersion = 46;
	objects = {

/* Begin PBXBuildFile section */
		91A2B0D11BE6690500A09517 /* CommandPage.cpp in Sources */ = {isa = PBXBuildFile; fileRef = 91A2B0CF1BE6690500A09517 /* CommandPage.cpp */; };
		91A2B0D41BE66B7200A09517 /* GetCareFilesPage.cpp in Sources */ = {isa = PBXBuildFile; fileRef = 91A2B0D21BE66B7200A09517 /* GetCareFilesPage.cpp */; };
		91A90A7A1BE61551001B8BA4 /* ScareBear.cpp in Sources */ = {isa = PBXBuildFile; fileRef = 91A90A781BE61551001B8BA4 /* ScareBear.cpp */; };
		91A90A7D1BE6171D001B8BA4 /* ModeHandler.cpp in Sources */ = {isa = PBXBuildFile; fileRef = 91A90A7B1BE6171D001B8BA4 /* ModeHandler.cpp */; };
		91A90A811BE61E4C001B8BA4 /* MusicFileManager.cpp in Sources */ = {isa = PBXBuildFile; fileRef = 91A90A7F1BE61E4C001B8BA4 /* MusicFileManager.cpp */; };
		91A90A871BE630B5001B8BA4 /* WebPage.cpp in Sources */ = {isa = PBXBuildFile; fileRef = 91A90A851BE630B5001B8BA4 /* WebPage.cpp */; };
		91A90A951BE63C94001B8BA4 /* WebServer.cpp in Sources */ = {isa = PBXBuildFile; fileRef = 91A90A821BE63080001B8BA4 /* WebServer.cpp */; };
		91A90A961BE63CE5001B8BA4 /* main.cpp in Sources */ = {isa = PBXBuildFile; fileRef = 91DCEF361BE543820033FF63 /* main.cpp */; };
		91A90A991BE63E59001B8BA4 /* WebSession.cpp in Sources */ = {isa = PBXBuildFile; fileRef = 91A90A971BE63E59001B8BA4 /* WebSession.cpp */; };
		91A90A9D1BE64BD4001B8BA4 /* GetScareFilesPage.cpp in Sources */ = {isa = PBXBuildFile; fileRef = 91A90A9B1BE64BD4001B8BA4 /* GetScareFilesPage.cpp */; };
/* End PBXBuildFile section */

/* Begin PBXCopyFilesBuildPhase section */
		91DCEF311BE543820033FF63 /* CopyFiles */ = {
			isa = PBXCopyFilesBuildPhase;
			buildActionMask = 2147483647;
			dstPath = /usr/share/man/man1/;
			dstSubfolderSpec = 0;
			files = (
			);
			runOnlyForDeploymentPostprocessing = 1;
		};
/* End PBXCopyFilesBuildPhase section */

/* Begin PBXFileReference section */
		910BA11B1BE54AA600704325 /* allocators.h */ = {isa = PBXFileReference; fileEncoding = 4; lastKnownFileType = sourcecode.c.h; path = allocators.h; sourceTree = "<group>"; };
		910BA11C1BE54AA600704325 /* document.h */ = {isa = PBXFileReference; fileEncoding = 4; lastKnownFileType = sourcecode.c.h; path = document.h; sourceTree = "<group>"; };
		910BA11D1BE54AA600704325 /* encodedstream.h */ = {isa = PBXFileReference; fileEncoding = 4; lastKnownFileType = sourcecode.c.h; path = encodedstream.h; sourceTree = "<group>"; };
		910BA11E1BE54AA600704325 /* encodings.h */ = {isa = PBXFileReference; fileEncoding = 4; lastKnownFileType = sourcecode.c.h; path = encodings.h; sourceTree = "<group>"; };
		910BA1201BE54AA600704325 /* en.h */ = {isa = PBXFileReference; fileEncoding = 4; lastKnownFileType = sourcecode.c.h; path = en.h; sourceTree = "<group>"; };
		910BA1211BE54AA600704325 /* error.h */ = {isa = PBXFileReference; fileEncoding = 4; lastKnownFileType = sourcecode.c.h; path = error.h; sourceTree = "<group>"; };
		910BA1221BE54AA600704325 /* filereadstream.h */ = {isa = PBXFileReference; fileEncoding = 4; lastKnownFileType = sourcecode.c.h; path = filereadstream.h; sourceTree = "<group>"; };
		910BA1231BE54AA600704325 /* filewritestream.h */ = {isa = PBXFileReference; fileEncoding = 4; lastKnownFileType = sourcecode.c.h; path = filewritestream.h; sourceTree = "<group>"; };
		910BA1251BE54AA600704325 /* biginteger.h */ = {isa = PBXFileReference; fileEncoding = 4; lastKnownFileType = sourcecode.c.h; path = biginteger.h; sourceTree = "<group>"; };
		910BA1261BE54AA600704325 /* diyfp.h */ = {isa = PBXFileReference; fileEncoding = 4; lastKnownFileType = sourcecode.c.h; path = diyfp.h; sourceTree = "<group>"; };
		910BA1271BE54AA600704325 /* dtoa.h */ = {isa = PBXFileReference; fileEncoding = 4; lastKnownFileType = sourcecode.c.h; path = dtoa.h; sourceTree = "<group>"; };
		910BA1281BE54AA600704325 /* ieee754.h */ = {isa = PBXFileReference; fileEncoding = 4; lastKnownFileType = sourcecode.c.h; path = ieee754.h; sourceTree = "<group>"; };
		910BA1291BE54AA600704325 /* itoa.h */ = {isa = PBXFileReference; fileEncoding = 4; lastKnownFileType = sourcecode.c.h; path = itoa.h; sourceTree = "<group>"; };
		910BA12A1BE54AA600704325 /* meta.h */ = {isa = PBXFileReference; fileEncoding = 4; lastKnownFileType = sourcecode.c.h; path = meta.h; sourceTree = "<group>"; };
		910BA12B1BE54AA600704325 /* pow10.h */ = {isa = PBXFileReference; fileEncoding = 4; lastKnownFileType = sourcecode.c.h; path = pow10.h; sourceTree = "<group>"; };
		910BA12C1BE54AA600704325 /* stack.h */ = {isa = PBXFileReference; fileEncoding = 4; lastKnownFileType = sourcecode.c.h; path = stack.h; sourceTree = "<group>"; };
		910BA12D1BE54AA600704325 /* strfunc.h */ = {isa = PBXFileReference; fileEncoding = 4; lastKnownFileType = sourcecode.c.h; path = strfunc.h; sourceTree = "<group>"; };
		910BA12E1BE54AA600704325 /* strtod.h */ = {isa = PBXFileReference; fileEncoding = 4; lastKnownFileType = sourcecode.c.h; path = strtod.h; sourceTree = "<group>"; };
		910BA12F1BE54AA600704325 /* swap.h */ = {isa = PBXFileReference; fileEncoding = 4; lastKnownFileType = sourcecode.c.h; path = swap.h; sourceTree = "<group>"; };
		910BA1301BE54AA600704325 /* memorybuffer.h */ = {isa = PBXFileReference; fileEncoding = 4; lastKnownFileType = sourcecode.c.h; path = memorybuffer.h; sourceTree = "<group>"; };
		910BA1311BE54AA600704325 /* memorystream.h */ = {isa = PBXFileReference; fileEncoding = 4; lastKnownFileType = sourcecode.c.h; path = memorystream.h; sourceTree = "<group>"; };
		910BA1331BE54AA600704325 /* inttypes.h */ = {isa = PBXFileReference; fileEncoding = 4; lastKnownFileType = sourcecode.c.h; path = inttypes.h; sourceTree = "<group>"; };
		910BA1341BE54AA600704325 /* stdint.h */ = {isa = PBXFileReference; fileEncoding = 4; lastKnownFileType = sourcecode.c.h; path = stdint.h; sourceTree = "<group>"; };
		910BA1351BE54AA600704325 /* pointer.h */ = {isa = PBXFileReference; fileEncoding = 4; lastKnownFileType = sourcecode.c.h; path = pointer.h; sourceTree = "<group>"; };
		910BA1361BE54AA600704325 /* prettywriter.h */ = {isa = PBXFileReference; fileEncoding = 4; lastKnownFileType = sourcecode.c.h; path = prettywriter.h; sourceTree = "<group>"; };
		910BA1371BE54AA600704325 /* rapidjson.h */ = {isa = PBXFileReference; fileEncoding = 4; lastKnownFileType = sourcecode.c.h; path = rapidjson.h; sourceTree = "<group>"; };
		910BA1381BE54AA600704325 /* reader.h */ = {isa = PBXFileReference; fileEncoding = 4; lastKnownFileType = sourcecode.c.h; path = reader.h; sourceTree = "<group>"; };
		910BA1391BE54AA600704325 /* stringbuffer.h */ = {isa = PBXFileReference; fileEncoding = 4; lastKnownFileType = sourcecode.c.h; path = stringbuffer.h; sourceTree = "<group>"; };
		910BA13A1BE54AA600704325 /* writer.h */ = {isa = PBXFileReference; fileEncoding = 4; lastKnownFileType = sourcecode.c.h; path = writer.h; sourceTree = "<group>"; };
		91A2B0CF1BE6690500A09517 /* CommandPage.cpp */ = {isa = PBXFileReference; fileEncoding = 4; lastKnownFileType = sourcecode.cpp.cpp; path = CommandPage.cpp; sourceTree = "<group>"; };
		91A2B0D01BE6690500A09517 /* CommandPage.h */ = {isa = PBXFileReference; fileEncoding = 4; lastKnownFileType = sourcecode.c.h; path = CommandPage.h; sourceTree = "<group>"; };
		91A2B0D21BE66B7200A09517 /* GetCareFilesPage.cpp */ = {isa = PBXFileReference; fileEncoding = 4; lastKnownFileType = sourcecode.cpp.cpp; path = GetCareFilesPage.cpp; sourceTree = "<group>"; };
		91A2B0D31BE66B7200A09517 /* GetCareFilesPage.h */ = {isa = PBXFileReference; fileEncoding = 4; lastKnownFileType = sourcecode.c.h; path = GetCareFilesPage.h; sourceTree = "<group>"; };
		91A90A781BE61551001B8BA4 /* ScareBear.cpp */ = {isa = PBXFileReference; fileEncoding = 4; lastKnownFileType = sourcecode.cpp.cpp; path = ScareBear.cpp; sourceTree = "<group>"; };
		91A90A791BE61551001B8BA4 /* ScareBear.h */ = {isa = PBXFileReference; fileEncoding = 4; lastKnownFileType = sourcecode.c.h; path = ScareBear.h; sourceTree = "<group>"; };
		91A90A7B1BE6171D001B8BA4 /* ModeHandler.cpp */ = {isa = PBXFileReference; fileEncoding = 4; lastKnownFileType = sourcecode.cpp.cpp; path = ModeHandler.cpp; sourceTree = "<group>"; };
		91A90A7C1BE6171D001B8BA4 /* ModeHandler.h */ = {isa = PBXFileReference; fileEncoding = 4; lastKnownFileType = sourcecode.c.h; path = ModeHandler.h; sourceTree = "<group>"; };
		91A90A7E1BE619D2001B8BA4 /* ConcurrentQueue.h */ = {isa = PBXFileReference; lastKnownFileType = sourcecode.c.h; path = ConcurrentQueue.h; sourceTree = "<group>"; };
		91A90A7F1BE61E4C001B8BA4 /* MusicFileManager.cpp */ = {isa = PBXFileReference; fileEncoding = 4; lastKnownFileType = sourcecode.cpp.cpp; path = MusicFileManager.cpp; sourceTree = "<group>"; };
		91A90A801BE61E4C001B8BA4 /* MusicFileManager.h */ = {isa = PBXFileReference; fileEncoding = 4; lastKnownFileType = sourcecode.c.h; path = MusicFileManager.h; sourceTree = "<group>"; };
		91A90A821BE63080001B8BA4 /* WebServer.cpp */ = {isa = PBXFileReference; fileEncoding = 4; lastKnownFileType = sourcecode.cpp.cpp; path = WebServer.cpp; sourceTree = "<group>"; };
		91A90A831BE63080001B8BA4 /* WebServer.h */ = {isa = PBXFileReference; fileEncoding = 4; lastKnownFileType = sourcecode.c.h; path = WebServer.h; sourceTree = "<group>"; };
		91A90A851BE630B5001B8BA4 /* WebPage.cpp */ = {isa = PBXFileReference; fileEncoding = 4; lastKnownFileType = sourcecode.cpp.cpp; path = WebPage.cpp; sourceTree = "<group>"; };
		91A90A861BE630B5001B8BA4 /* WebPage.h */ = {isa = PBXFileReference; fileEncoding = 4; lastKnownFileType = sourcecode.c.h; path = WebPage.h; sourceTree = "<group>"; };
		91A90A971BE63E59001B8BA4 /* WebSession.cpp */ = {isa = PBXFileReference; fileEncoding = 4; lastKnownFileType = sourcecode.cpp.cpp; name = WebSession.cpp; path = rapidjson/WebSession.cpp; sourceTree = "<group>"; };
		91A90A981BE63E59001B8BA4 /* WebSession.h */ = {isa = PBXFileReference; fileEncoding = 4; lastKnownFileType = sourcecode.c.h; name = WebSession.h; path = rapidjson/WebSession.h; sourceTree = "<group>"; };
		91A90A9B1BE64BD4001B8BA4 /* GetScareFilesPage.cpp */ = {isa = PBXFileReference; fileEncoding = 4; lastKnownFileType = sourcecode.cpp.cpp; path = GetScareFilesPage.cpp; sourceTree = "<group>"; };
		91A90A9C1BE64BD4001B8BA4 /* GetScareFilesPage.h */ = {isa = PBXFileReference; fileEncoding = 4; lastKnownFileType = sourcecode.c.h; path = GetScareFilesPage.h; sourceTree = "<group>"; };
		91DCEF331BE543820033FF63 /* ScareBearPi */ = {isa = PBXFileReference; explicitFileType = "compiled.mach-o.executable"; includeInIndex = 0; path = ScareBearPi; sourceTree = BUILT_PRODUCTS_DIR; };
		91DCEF361BE543820033FF63 /* main.cpp */ = {isa = PBXFileReference; lastKnownFileType = sourcecode.cpp.cpp; path = main.cpp; sourceTree = "<group>"; };
/* End PBXFileReference section */

/* Begin PBXFrameworksBuildPhase section */
		91DCEF301BE543820033FF63 /* Frameworks */ = {
			isa = PBXFrameworksBuildPhase;
			buildActionMask = 2147483647;
			files = (
			);
			runOnlyForDeploymentPostprocessing = 0;
		};
/* End PBXFrameworksBuildPhase section */

/* Begin PBXGroup section */
		910BA11A1BE54AA600704325 /* rapidjson */ = {
			isa = PBXGroup;
			children = (
				910BA11B1BE54AA600704325 /* allocators.h */,
				910BA11C1BE54AA600704325 /* document.h */,
				910BA11D1BE54AA600704325 /* encodedstream.h */,
				910BA11E1BE54AA600704325 /* encodings.h */,
				910BA11F1BE54AA600704325 /* error */,
				910BA1221BE54AA600704325 /* filereadstream.h */,
				910BA1231BE54AA600704325 /* filewritestream.h */,
				910BA1241BE54AA600704325 /* internal */,
				910BA1301BE54AA600704325 /* memorybuffer.h */,
				910BA1311BE54AA600704325 /* memorystream.h */,
				910BA1321BE54AA600704325 /* msinttypes */,
				910BA1351BE54AA600704325 /* pointer.h */,
				910BA1361BE54AA600704325 /* prettywriter.h */,
				910BA1371BE54AA600704325 /* rapidjson.h */,
				910BA1381BE54AA600704325 /* reader.h */,
				910BA1391BE54AA600704325 /* stringbuffer.h */,
				910BA13A1BE54AA600704325 /* writer.h */,
			);
			path = rapidjson;
			sourceTree = "<group>";
		};
		910BA11F1BE54AA600704325 /* error */ = {
			isa = PBXGroup;
			children = (
				910BA1201BE54AA600704325 /* en.h */,
				910BA1211BE54AA600704325 /* error.h */,
			);
			path = error;
			sourceTree = "<group>";
		};
		910BA1241BE54AA600704325 /* internal */ = {
			isa = PBXGroup;
			children = (
				910BA1251BE54AA600704325 /* biginteger.h */,
				910BA1261BE54AA600704325 /* diyfp.h */,
				910BA1271BE54AA600704325 /* dtoa.h */,
				910BA1281BE54AA600704325 /* ieee754.h */,
				910BA1291BE54AA600704325 /* itoa.h */,
				910BA12A1BE54AA600704325 /* meta.h */,
				910BA12B1BE54AA600704325 /* pow10.h */,
				910BA12C1BE54AA600704325 /* stack.h */,
				910BA12D1BE54AA600704325 /* strfunc.h */,
				910BA12E1BE54AA600704325 /* strtod.h */,
				910BA12F1BE54AA600704325 /* swap.h */,
			);
			path = internal;
			sourceTree = "<group>";
		};
		910BA1321BE54AA600704325 /* msinttypes */ = {
			isa = PBXGroup;
			children = (
				910BA1331BE54AA600704325 /* inttypes.h */,
				910BA1341BE54AA600704325 /* stdint.h */,
			);
			path = msinttypes;
			sourceTree = "<group>";
		};
		91A90A9A1BE64BAE001B8BA4 /* WebServer */ = {
			isa = PBXGroup;
			children = (
				91A90A821BE63080001B8BA4 /* WebServer.cpp */,
				91A90A831BE63080001B8BA4 /* WebServer.h */,
				91A90A851BE630B5001B8BA4 /* WebPage.cpp */,
				91A90A861BE630B5001B8BA4 /* WebPage.h */,
				91A90A971BE63E59001B8BA4 /* WebSession.cpp */,
				91A90A981BE63E59001B8BA4 /* WebSession.h */,
			);
			name = WebServer;
			sourceTree = "<group>";
		};
		91DCEF2A1BE543820033FF63 = {
			isa = PBXGroup;
			children = (
				91DCEF351BE543820033FF63 /* ScareBearPi */,
				91DCEF341BE543820033FF63 /* Products */,
			);
			sourceTree = "<group>";
		};
		91DCEF341BE543820033FF63 /* Products */ = {
			isa = PBXGroup;
			children = (
				91DCEF331BE543820033FF63 /* ScareBearPi */,
			);
			name = Products;
			sourceTree = "<group>";
		};
		91DCEF351BE543820033FF63 /* ScareBearPi */ = {
			isa = PBXGroup;
			children = (
				91DCEF361BE543820033FF63 /* main.cpp */,
				91A90A781BE61551001B8BA4 /* ScareBear.cpp */,
				91A90A791BE61551001B8BA4 /* ScareBear.h */,
				91A90A7E1BE619D2001B8BA4 /* ConcurrentQueue.h */,
				91A90A7B1BE6171D001B8BA4 /* ModeHandler.cpp */,
				91A90A7C1BE6171D001B8BA4 /* ModeHandler.h */,
				91A90A7F1BE61E4C001B8BA4 /* MusicFileManager.cpp */,
				91A90A801BE61E4C001B8BA4 /* MusicFileManager.h */,
				91A2B0D21BE66B7200A09517 /* GetCareFilesPage.cpp */,
				91A2B0D31BE66B7200A09517 /* GetCareFilesPage.h */,
				91A90A9B1BE64BD4001B8BA4 /* GetScareFilesPage.cpp */,
				91A90A9C1BE64BD4001B8BA4 /* GetScareFilesPage.h */,
				91A2B0CF1BE6690500A09517 /* CommandPage.cpp */,
				91A2B0D01BE6690500A09517 /* CommandPage.h */,
				91A90A9A1BE64BAE001B8BA4 /* WebServer */,
				910BA11A1BE54AA600704325 /* rapidjson */,
			);
			path = ScareBearPi;
			sourceTree = "<group>";
		};
/* End PBXGroup section */

/* Begin PBXNativeTarget section */
		91DCEF321BE543820033FF63 /* ScareBearPi */ = {
			isa = PBXNativeTarget;
			buildConfigurationList = 91DCEF3A1BE543820033FF63 /* Build configuration list for PBXNativeTarget "ScareBearPi" */;
			buildPhases = (
				91DCEF2F1BE543820033FF63 /* Sources */,
				91DCEF301BE543820033FF63 /* Frameworks */,
				91DCEF311BE543820033FF63 /* CopyFiles */,
			);
			buildRules = (
			);
			dependencies = (
			);
			name = ScareBearPi;
			productName = ScareBearPi;
			productReference = 91DCEF331BE543820033FF63 /* ScareBearPi */;
			productType = "com.apple.product-type.tool";
		};
/* End PBXNativeTarget section */

/* Begin PBXProject section */
		91DCEF2B1BE543820033FF63 /* Project object */ = {
			isa = PBXProject;
			attributes = {
				LastUpgradeCheck = 0620;
				ORGANIZATIONNAME = "Doug Roeper";
				TargetAttributes = {
					91DCEF321BE543820033FF63 = {
						CreatedOnToolsVersion = 6.2;
					};
				};
			};
			buildConfigurationList = 91DCEF2E1BE543820033FF63 /* Build configuration list for PBXProject "ScareBearPi" */;
			compatibilityVersion = "Xcode 3.2";
			developmentRegion = English;
			hasScannedForEncodings = 0;
			knownRegions = (
				en,
			);
			mainGroup = 91DCEF2A1BE543820033FF63;
			productRefGroup = 91DCEF341BE543820033FF63 /* Products */;
			projectDirPath = "";
			projectRoot = "";
			targets = (
				91DCEF321BE543820033FF63 /* ScareBearPi */,
			);
		};
/* End PBXProject section */

/* Begin PBXSourcesBuildPhase section */
		91DCEF2F1BE543820033FF63 /* Sources */ = {
			isa = PBXSourcesBuildPhase;
			buildActionMask = 2147483647;
			files = (
				91A90A811BE61E4C001B8BA4 /* MusicFileManager.cpp in Sources */,
				91A90A951BE63C94001B8BA4 /* WebServer.cpp in Sources */,
				91A2B0D41BE66B7200A09517 /* GetCareFilesPage.cpp in Sources */,
				91A90A7A1BE61551001B8BA4 /* ScareBear.cpp in Sources */,
				91A90A991BE63E59001B8BA4 /* WebSession.cpp in Sources */,
				91A90A961BE63CE5001B8BA4 /* main.cpp in Sources */,
				91A90A871BE630B5001B8BA4 /* WebPage.cpp in Sources */,
				91A90A7D1BE6171D001B8BA4 /* ModeHandler.cpp in Sources */,
				91A90A9D1BE64BD4001B8BA4 /* GetScareFilesPage.cpp in Sources */,
				91A2B0D11BE6690500A09517 /* CommandPage.cpp in Sources */,
			);
			runOnlyForDeploymentPostprocessing = 0;
		};
/* End PBXSourcesBuildPhase section */

/* Begin XCBuildConfiguration section */
		91DCEF381BE543820033FF63 /* Debug */ = {
			isa = XCBuildConfiguration;
			buildSettings = {
				ALWAYS_SEARCH_USER_PATHS = NO;
				CLANG_CXX_LANGUAGE_STANDARD = "gnu++0x";
				CLANG_CXX_LIBRARY = "libc++";
				CLANG_ENABLE_MODULES = YES;
				CLANG_ENABLE_OBJC_ARC = YES;
				CLANG_WARN_BOOL_CONVERSION = YES;
				CLANG_WARN_CONSTANT_CONVERSION = YES;
				CLANG_WARN_DIRECT_OBJC_ISA_USAGE = YES_ERROR;
				CLANG_WARN_EMPTY_BODY = YES;
				CLANG_WARN_ENUM_CONVERSION = YES;
				CLANG_WARN_INT_CONVERSION = YES;
				CLANG_WARN_OBJC_ROOT_CLASS = YES_ERROR;
				CLANG_WARN_UNREACHABLE_CODE = YES;
				CLANG_WARN__DUPLICATE_METHOD_MATCH = YES;
				COPY_PHASE_STRIP = NO;
				ENABLE_STRICT_OBJC_MSGSEND = YES;
				GCC_C_LANGUAGE_STANDARD = gnu99;
				GCC_DYNAMIC_NO_PIC = NO;
				GCC_OPTIMIZATION_LEVEL = 0;
				GCC_PREPROCESSOR_DEFINITIONS = (
					"DEBUG=1",
					"$(inherited)",
				);
				GCC_SYMBOLS_PRIVATE_EXTERN = NO;
				GCC_WARN_64_TO_32_BIT_CONVERSION = YES;
				GCC_WARN_ABOUT_RETURN_TYPE = YES_ERROR;
				GCC_WARN_UNDECLARED_SELECTOR = YES;
				GCC_WARN_UNINITIALIZED_AUTOS = YES_AGGRESSIVE;
				GCC_WARN_UNUSED_FUNCTION = YES;
				GCC_WARN_UNUSED_VARIABLE = YES;
				MACOSX_DEPLOYMENT_TARGET = 10.9;
				MTL_ENABLE_DEBUG_INFO = YES;
				ONLY_ACTIVE_ARCH = YES;
				SDKROOT = macosx;
			};
			name = Debug;
		};
		91DCEF391BE543820033FF63 /* Release */ = {
			isa = XCBuildConfiguration;
			buildSettings = {
				ALWAYS_SEARCH_USER_PATHS = NO;
				CLANG_CXX_LANGUAGE_STANDARD = "gnu++0x";
				CLANG_CXX_LIBRARY = "libc++";
				CLANG_ENABLE_MODULES = YES;
				CLANG_ENABLE_OBJC_ARC = YES;
				CLANG_WARN_BOOL_CONVERSION = YES;
				CLANG_WARN_CONSTANT_CONVERSION = YES;
				CLANG_WARN_DIRECT_OBJC_ISA_USAGE = YES_ERROR;
				CLANG_WARN_EMPTY_BODY = YES;
				CLANG_WARN_ENUM_CONVERSION = YES;
				CLANG_WARN_INT_CONVERSION = YES;
				CLANG_WARN_OBJC_ROOT_CLASS = YES_ERROR;
				CLANG_WARN_UNREACHABLE_CODE = YES;
				CLANG_WARN__DUPLICATE_METHOD_MATCH = YES;
				COPY_PHASE_STRIP = NO;
				DEBUG_INFORMATION_FORMAT = "dwarf-with-dsym";
				ENABLE_NS_ASSERTIONS = NO;
				ENABLE_STRICT_OBJC_MSGSEND = YES;
				GCC_C_LANGUAGE_STANDARD = gnu99;
				GCC_WARN_64_TO_32_BIT_CONVERSION = YES;
				GCC_WARN_ABOUT_RETURN_TYPE = YES_ERROR;
				GCC_WARN_UNDECLARED_SELECTOR = YES;
				GCC_WARN_UNINITIALIZED_AUTOS = YES_AGGRESSIVE;
				GCC_WARN_UNUSED_FUNCTION = YES;
				GCC_WARN_UNUSED_VARIABLE = YES;
				MACOSX_DEPLOYMENT_TARGET = 10.9;
				MTL_ENABLE_DEBUG_INFO = NO;
				SDKROOT = macosx;
			};
			name = Release;
		};
		91DCEF3B1BE543820033FF63 /* Debug */ = {
			isa = XCBuildConfiguration;
			buildSettings = {
				FRAMEWORK_SEARCH_PATHS = (
					"$(inherited)",
					/Volumes/SDL2,
					/Users/Doug/Desktop,
				);
				LIBRARY_SEARCH_PATHS = /usr/local/Cellar/libmicrohttpd/0.9.42/lib;
				OTHER_LDFLAGS = "-lmicrohttpd";
				PRODUCT_NAME = "$(TARGET_NAME)";
				USER_HEADER_SEARCH_PATHS = /usr/local/Cellar/libmicrohttpd/0.9.42/include;
			};
			name = Debug;
		};
		91DCEF3C1BE543820033FF63 /* Release */ = {
			isa = XCBuildConfiguration;
			buildSettings = {
				FRAMEWORK_SEARCH_PATHS = (
					"$(inherited)",
					/Volumes/SDL2,
					/Users/Doug/Desktop,
				);
				LIBRARY_SEARCH_PATHS = /usr/local/Cellar/libmicrohttpd/0.9.42/lib;
				OTHER_LDFLAGS = "-lmicrohttpd";
				PRODUCT_NAME = "$(TARGET_NAME)";
				USER_HEADER_SEARCH_PATHS = /usr/local/Cellar/libmicrohttpd/0.9.42/include;
			};
			name = Release;
		};
/* End XCBuildConfiguration section */

/* Begin XCConfigurationList section */
		91DCEF2E1BE543820033FF63 /* Build configuration list for PBXProject "ScareBearPi" */ = {
			isa = XCConfigurationList;
			buildConfigurations = (
				91DCEF381BE543820033FF63 /* Debug */,
				91DCEF391BE543820033FF63 /* Release */,
			);
			defaultConfigurationIsVisible = 0;
			defaultConfigurationName = Release;
		};
		91DCEF3A1BE543820033FF63 /* Build configuration list for PBXNativeTarget "ScareBearPi" */ = {
			isa = XCConfigurationList;
			buildConfigurations = (
				91DCEF3B1BE543820033FF63 /* Debug */,
				91DCEF3C1BE543820033FF63 /* Release */,
			);
			defaultConfigurationIsVisible = 0;
			defaultConfigurationName = Release;
		};
/* End XCConfigurationList section */
	};
	rootObject = 91DCEF2B1BE543820033FF63 /* Project object */;
}
